PODS:
  - Flutter (1.0.0)
  - flutter_keyboard_visibility (0.0.1):
    - Flutter
  - image_picker_ios (0.0.1):
    - Flutter
  - path_provider_foundation (0.0.1):
    - Flutter
    - FlutterMacOS
  - purchases_flutter (8.7.4):
    - Flutter
    - PurchasesHybridCommon (= 13.28.1)
  - purchases_ui_flutter (8.7.4):
    - Flutter
    - PurchasesHybridCommonUI (= 13.28.1)
  - PurchasesHybridCommon (13.28.1):
    - RevenueCat (= 5.21.2)
  - PurchasesHybridCommonUI (13.28.1):
    - PurchasesHybridCommon (= 13.28.1)
    - RevenueCatUI (= 5.21.2)
  - RevenueCat (5.21.2)
  - RevenueCatUI (5.21.2):
    - RevenueCat (= 5.21.2)
  - share_plus (0.0.1):
    - Flutter
  - shared_preferences_foundation (0.0.1):
    - Flutter
    - FlutterMacOS
  - sqflite_darwin (0.0.4):
    - Flutter
    - FlutterMacOS

DEPENDENCIES:
  - Flutter (from `Flutter`)
  - flutter_keyboard_visibility (from `.symlinks/plugins/flutter_keyboard_visibility/ios`)
  - image_picker_ios (from `.symlinks/plugins/image_picker_ios/ios`)
  - path_provider_foundation (from `.symlinks/plugins/path_provider_foundation/darwin`)
  - purchases_flutter (from `.symlinks/plugins/purchases_flutter/ios`)
  - purchases_ui_flutter (from `.symlinks/plugins/purchases_ui_flutter/ios`)
  - share_plus (from `.symlinks/plugins/share_plus/ios`)
  - shared_preferences_foundation (from `.symlinks/plugins/shared_preferences_foundation/darwin`)
  - sqflite_darwin (from `.symlinks/plugins/sqflite_darwin/darwin`)

SPEC REPOS:
  trunk:
    - PurchasesHybridCommon
    - PurchasesHybridCommonUI
    - RevenueCat
    - RevenueCatUI

EXTERNAL SOURCES:
  Flutter:
    :path: Flutter
  flutter_keyboard_visibility:
    :path: ".symlinks/plugins/flutter_keyboard_visibility/ios"
  image_picker_ios:
    :path: ".symlinks/plugins/image_picker_ios/ios"
  path_provider_foundation:
    :path: ".symlinks/plugins/path_provider_foundation/darwin"
  purchases_flutter:
    :path: ".symlinks/plugins/purchases_flutter/ios"
  purchases_ui_flutter:
    :path: ".symlinks/plugins/purchases_ui_flutter/ios"
  share_plus:
    :path: ".symlinks/plugins/share_plus/ios"
  shared_preferences_foundation:
    :path: ".symlinks/plugins/shared_preferences_foundation/darwin"
  sqflite_darwin:
    :path: ".symlinks/plugins/sqflite_darwin/darwin"

SPEC CHECKSUMS:
  Flutter: e0871f40cf51350855a761d2e70bf5af5b9b5de7
  flutter_keyboard_visibility: 4625131e43015dbbe759d9b20daaf77e0e3f6619
  image_picker_ios: 7fe1ff8e34c1790d6fff70a32484959f563a928a
  path_provider_foundation: 080d55be775b7414fd5a5ef3ac137b97b097e564
  purchases_flutter: adf27f06620548890f850c315ed47f0cffb65069
  purchases_ui_flutter: 6f31782070f31ff099d27697f7c5f5708ddcb34e
  PurchasesHybridCommon: bb4c1ddc8683a18859da35f45a0717379f889d94
  PurchasesHybridCommonUI: a866b3e1016fd3126be48be834c66ce84de70229
  RevenueCat: d8174cfd72fab33f3b877d38c9f033142dc87c60
  RevenueCatUI: ff31134b4e4c6f89396005676261cc50860ef0ac
  share_plus: 50da8cb520a8f0f65671c6c6a99b3617ed10a58a
  shared_preferences_foundation: 9e1978ff2562383bd5676f64ec4e9aa8fa06a6f7
  sqflite_darwin: 20b2a3a3b70e43edae938624ce550a3cbf66a3d0

PODFILE CHECKSUM: a9badb8e33a6314fd811558ce51e8a80b326a610

COCOAPODS: 1.16.2
